
Microsoft Visual Studio Solution File, Format Version 12.00
# Visual Studio Version 17
VisualStudioVersion = 17.10.34928.147
MinimumVisualStudioVersion = 10.0.40219.1
Project("{FAE04EC0-301F-11D3-BF4B-00C04F79EFBC}") = "BackendTest", "BackendTest.csproj", "{EDDE80A8-1310-4EE9-8B54-DEDED58ADB70}"
EndProject
Global
	GlobalSection(SolutionConfigurationPlatforms) = preSolution
		Debug|Any CPU = Debug|Any CPU
		Release|Any CPU = Release|Any CPU
	EndGlobalSection
	GlobalSection(ProjectConfigurationPlatforms) = postSolution
		{EDDE80A8-1310-4EE9-8B54-DEDED58ADB70}.Debug|Any CPU.ActiveCfg = Debug|Any CPU
		{EDDE80A8-1310-4EE9-8B54-DEDED58ADB70}.Debug|Any CPU.Build.0 = Debug|Any CPU
		{EDDE80A8-1310-4EE9-8B54-DEDED58ADB70}.Release|Any CPU.ActiveCfg = Release|Any CPU
		{EDDE80A8-1310-4EE9-8B54-DEDED58ADB70}.Release|Any CPU.Build.0 = Release|Any CPU
	EndGlobalSection
	GlobalSection(SolutionProperties) = preSolution
		HideSolutionNode = FALSE
	EndGlobalSection
	GlobalSection(ExtensibilityGlobals) = postSolution
		SolutionGuid = {6E8444DF-0F92-42B0-B186-94D5EEF31FE4}
	EndGlobalSection
EndGlobal
